
Microsoft Visual Studio Solution File, Format Version 12.00
# Visual Studio Version 17
VisualStudioVersion = 17.9.34701.34
MinimumVisualStudioVersion = 10.0.40219.1
Project("{2150E333-8FDC-42A3-9474-1A3956D46DE8}") = "src", "src", "{440671C1-6CF7-4BB3-A70F-F1D3EF1DA7BF}"
EndProject
Project("{2150E333-8FDC-42A3-9474-1A3956D46DE8}") = "Test", "Test", "{ADA5EB72-B7B5-405B-8959-79ADC10DE0F1}"
EndProject
Project("{2150E333-8FDC-42A3-9474-1A3956D46DE8}") = "UI", "UI", "{A28516AF-9D38-4AC4-AEB6-D7C3E93EB717}"
EndProject
Project("{2150E333-8FDC-42A3-9474-1A3956D46DE8}") = "Application", "Application", "{19EF2D9F-25E5-4997-B9E5-616259DEE6A4}"
EndProject
Project("{2150E333-8FDC-42A3-9474-1A3956D46DE8}") = "Infrastructure", "Infrastructure", "{3146B7A8-F0DE-4272-B11B-1AE576A0C327}"
EndProject
Project("{2150E333-8FDC-42A3-9474-1A3956D46DE8}") = "API", "API", "{95220EF9-EBB1-44B1-AAC0-8781F3895540}"
EndProject
Project("{FAE04EC0-301F-11D3-BF4B-00C04F79EFBC}") = "HRLeaveManagement.Domain", "HRLeaveManagement.Domain\HRLeaveManagement.Domain.csproj", "{18953BB0-7AE7-42AD-BCF6-D6163F932FE1}"
EndProject
Project("{FAE04EC0-301F-11D3-BF4B-00C04F79EFBC}") = "HRLeaveManagementApplication", "HRLeaveManagementApplication\HRLeaveManagementApplication.csproj", "{9B6994B6-4135-439B-9CFA-ECF46EFDD83B}"
EndProject
Project("{FAE04EC0-301F-11D3-BF4B-00C04F79EFBC}") = "HRLeaveManagementPersistence", "HRLeaveManagementPersistence\HRLeaveManagementPersistence.csproj", "{AF5BA52E-0B9D-40E2-9FAD-BE381E66E13B}"
EndProject
Project("{FAE04EC0-301F-11D3-BF4B-00C04F79EFBC}") = "HRLeaveManagementInfrastructure", "HRLeaveManagementInfrastructure\HRLeaveManagementInfrastructure.csproj", "{54C4392D-4DAB-4EA5-BCF4-F5A1C0E4B1CB}"
EndProject
Project("{FAE04EC0-301F-11D3-BF4B-00C04F79EFBC}") = "HRLeaveManagementAPI", "HRLeaveManagementAPI\HRLeaveManagementAPI.csproj", "{FB538173-DE19-4FE8-AB51-D3AC779B3FFF}"
EndProject
Global
	GlobalSection(SolutionConfigurationPlatforms) = preSolution
		Debug|Any CPU = Debug|Any CPU
		Release|Any CPU = Release|Any CPU
	EndGlobalSection
	GlobalSection(ProjectConfigurationPlatforms) = postSolution
		{18953BB0-7AE7-42AD-BCF6-D6163F932FE1}.Debug|Any CPU.ActiveCfg = Debug|Any CPU
		{18953BB0-7AE7-42AD-BCF6-D6163F932FE1}.Debug|Any CPU.Build.0 = Debug|Any CPU
		{18953BB0-7AE7-42AD-BCF6-D6163F932FE1}.Release|Any CPU.ActiveCfg = Release|Any CPU
		{18953BB0-7AE7-42AD-BCF6-D6163F932FE1}.Release|Any CPU.Build.0 = Release|Any CPU
		{9B6994B6-4135-439B-9CFA-ECF46EFDD83B}.Debug|Any CPU.ActiveCfg = Debug|Any CPU
		{9B6994B6-4135-439B-9CFA-ECF46EFDD83B}.Debug|Any CPU.Build.0 = Debug|Any CPU
		{9B6994B6-4135-439B-9CFA-ECF46EFDD83B}.Release|Any CPU.ActiveCfg = Release|Any CPU
		{9B6994B6-4135-439B-9CFA-ECF46EFDD83B}.Release|Any CPU.Build.0 = Release|Any CPU
		{AF5BA52E-0B9D-40E2-9FAD-BE381E66E13B}.Debug|Any CPU.ActiveCfg = Debug|Any CPU
		{AF5BA52E-0B9D-40E2-9FAD-BE381E66E13B}.Debug|Any CPU.Build.0 = Debug|Any CPU
		{AF5BA52E-0B9D-40E2-9FAD-BE381E66E13B}.Release|Any CPU.ActiveCfg = Release|Any CPU
		{AF5BA52E-0B9D-40E2-9FAD-BE381E66E13B}.Release|Any CPU.Build.0 = Release|Any CPU
		{54C4392D-4DAB-4EA5-BCF4-F5A1C0E4B1CB}.Debug|Any CPU.ActiveCfg = Debug|Any CPU
		{54C4392D-4DAB-4EA5-BCF4-F5A1C0E4B1CB}.Debug|Any CPU.Build.0 = Debug|Any CPU
		{54C4392D-4DAB-4EA5-BCF4-F5A1C0E4B1CB}.Release|Any CPU.ActiveCfg = Release|Any CPU
		{54C4392D-4DAB-4EA5-BCF4-F5A1C0E4B1CB}.Release|Any CPU.Build.0 = Release|Any CPU
		{FB538173-DE19-4FE8-AB51-D3AC779B3FFF}.Debug|Any CPU.ActiveCfg = Debug|Any CPU
		{FB538173-DE19-4FE8-AB51-D3AC779B3FFF}.Debug|Any CPU.Build.0 = Debug|Any CPU
		{FB538173-DE19-4FE8-AB51-D3AC779B3FFF}.Release|Any CPU.ActiveCfg = Release|Any CPU
		{FB538173-DE19-4FE8-AB51-D3AC779B3FFF}.Release|Any CPU.Build.0 = Release|Any CPU
	EndGlobalSection
	GlobalSection(SolutionProperties) = preSolution
		HideSolutionNode = FALSE
	EndGlobalSection
	GlobalSection(NestedProjects) = preSolution
		{A28516AF-9D38-4AC4-AEB6-D7C3E93EB717} = {440671C1-6CF7-4BB3-A70F-F1D3EF1DA7BF}
		{19EF2D9F-25E5-4997-B9E5-616259DEE6A4} = {440671C1-6CF7-4BB3-A70F-F1D3EF1DA7BF}
		{3146B7A8-F0DE-4272-B11B-1AE576A0C327} = {440671C1-6CF7-4BB3-A70F-F1D3EF1DA7BF}
		{95220EF9-EBB1-44B1-AAC0-8781F3895540} = {440671C1-6CF7-4BB3-A70F-F1D3EF1DA7BF}
		{18953BB0-7AE7-42AD-BCF6-D6163F932FE1} = {19EF2D9F-25E5-4997-B9E5-616259DEE6A4}
		{9B6994B6-4135-439B-9CFA-ECF46EFDD83B} = {19EF2D9F-25E5-4997-B9E5-616259DEE6A4}
		{AF5BA52E-0B9D-40E2-9FAD-BE381E66E13B} = {3146B7A8-F0DE-4272-B11B-1AE576A0C327}
		{54C4392D-4DAB-4EA5-BCF4-F5A1C0E4B1CB} = {3146B7A8-F0DE-4272-B11B-1AE576A0C327}
		{FB538173-DE19-4FE8-AB51-D3AC779B3FFF} = {95220EF9-EBB1-44B1-AAC0-8781F3895540}
	EndGlobalSection
	GlobalSection(ExtensibilityGlobals) = postSolution
		SolutionGuid = {86F9A321-62C3-49AE-81E4-032CD04313B7}
	EndGlobalSection
EndGlobal
